{
  "object": {
    "pins": [
      {
        "package": "CJavaVM",
        "repositoryURL": "https://github.com/readdle/CJavaVM.git",
        "state": {
          "branch": null,
          "revision": "e4b172f024fffb30a157a9105390408f03a6de5f",
          "version": "2.4.1"
        }
      },
      {
        "package": "java_swift",
        "repositoryURL": "https://www.github.com/readdle/java_swift.git",
        "state": {
          "branch": null,
          "revision": "30860b7664e0cffd11dbd15bc5e70952896207a2",
          "version": "2.1.9"
        }
      },
      {
        "package": "RxSwift",
        "repositoryURL": "https://www.github.com/Guang1234567/RxSwift.git",
        "state": {
          "branch": "android_support",
          "revision": "d6afbac63db70c8655ee23ab6480987242368c57",
          "version": null
        }
      },
      {
        "package": "SQLite_swift_android",
        "repositoryURL": "https://www.github.com/Guang1234567/SQLite.swift.android.git",
        "state": {
          "branch": "master",
          "revision": "92fb02d5dfeef736b6e72dfbbf926bae83624f9f",
          "version": null
        }
      },
      {
        "package": "AndroidSwiftLogcat",
        "repositoryURL": "https://www.github.com/Guang1234567/swift-android-logcat.git",
        "state": {
          "branch": "master",
          "revision": "49ee7e59cfbe3c3c5d469882395beecada4fe381",
          "version": null
        }
      },
      {
        "package": "AndroidSwiftTrace",
        "repositoryURL": "https://www.github.com/Guang1234567/swift-android-trace.git",
        "state": {
          "branch": "master",
          "revision": "cc6162f729be1f18055ffdf903d84ec411cbc572",
          "version": null
        }
      },
      {
        "package": "AnyCodable",
        "repositoryURL": "https://www.github.com/readdle/swift-anycodable.git",
        "state": {
          "branch": null,
          "revision": "9163d43ad317d938629592bbae798a95a3a0a4cf",
          "version": "1.0.3"
        }
      },
      {
        "package": "swift-backtrace",
        "repositoryURL": "https://www.github.com/Guang1234567/swift-backtrace.git",
        "state": {
          "branch": "android_support",
          "revision": "db3c12790c33150db8d5fa778aea93285ce8252d",
          "version": null
        }
      },
      {
        "package": "Java",
        "repositoryURL": "https://www.github.com/readdle/swift-java.git",
        "state": {
          "branch": null,
          "revision": "38459fc901d2ecd9655994459a6f099537a2cb98",
          "version": "0.2.4"
        }
      },
      {
        "package": "JavaCoder",
        "repositoryURL": "https://www.github.com/readdle/swift-java-coder.git",
        "state": {
          "branch": "dev/kotlin-support",
          "revision": "1758dcd711d41b6784d84af2ca83815941f4d7b0",
          "version": null
        }
      },
      {
        "package": "Swift-Posix-Thread",
        "repositoryURL": "https://www.github.com/Guang1234567/Swift-Posix-Thread.git",
        "state": {
          "branch": "master",
          "revision": "ddeb32ce783861cb8eb5c2219f6368f51b2edc9c",
          "version": null
        }
      },
      {
        "package": "swift-transcode-tcforge",
        "repositoryURL": "https://www.github.com/Guang1234567/swift-transcode-tcforge.git",
        "state": {
          "branch": "master",
          "revision": "cbe0751c6724db9aff34b7d3fae12f7784d5acbb",
          "version": null
        }
      },
      {
        "package": "Swift_Android_Bitmap",
        "repositoryURL": "https://www.github.com/Guang1234567/Swift_Android_Bitmap.git",
        "state": {
          "branch": "master",
          "revision": "c4ccc89e84fa7150c79ca716bedde95d092cd809",
          "version": null
        }
      },
      {
        "package": "Swift_Atomics",
        "repositoryURL": "https://www.github.com/Guang1234567/Swift_Atomics.git",
        "state": {
          "branch": "master",
          "revision": "170360291102ce932d47837a3fbf4bbcc127d963",
          "version": null
        }
      },
      {
        "package": "Swift_Boost_Context",
        "repositoryURL": "https://www.github.com/Guang1234567/Swift_Boost_Context.git",
        "state": {
          "branch": "master",
          "revision": "ae95d566a512ac027c72b3cee13d10469438d2aa",
          "version": null
        }
      },
      {
        "package": "Swift_Coroutine",
        "repositoryURL": "https://www.github.com/Guang1234567/Swift_Coroutine.git",
        "state": {
          "branch": "master",
          "revision": "0fb16d2881119570a7dd12083350271644c2cfc9",
          "version": null
        }
      },
      {
        "package": "Signals",
        "repositoryURL": "https://github.com/Guang1234567/Swift_Signals.git",
        "state": {
          "branch": "android_support",
          "revision": "178c9575b449357398364718fe3c092d5eddabbe",
          "version": null
        }
      },
      {
        "package": "SwiftThreadLocal",
        "repositoryURL": "https://github.com/Guang1234567/SwiftThreadLocal.git",
        "state": {
          "branch": "master",
          "revision": "c38b304d9d5bb87990394b6bdb0c747b75c5538f",
          "version": null
        }
      }
    ]
  },
  "version": 1
}
